%{
  "castore": {:hex, :castore, "0.1.22", "4127549e411bedd012ca3a308dede574f43819fe9394254ca55ab4895abfa1a2", [:mix], [], "hexpm", "c17576df47eb5aa1ee40cc4134316a99f5cad3e215d5c77b8dd3cfef12a22cac"},
  "cc_precompiler": {:hex, :cc_precompiler, "0.1.5", "ac3ef86f31ab579b856192a948e956cc3e4bb5006e303c4ab4b24958108e218a", [:mix], [{:elixir_make, "~> 0.7.3", [hex: :elixir_make, repo: "hexpm", optional: false]}], "hexpm", "ee5b2e56eb03798231a3d322579fff509139a534ef54205d04c188e18cab1f57"},
  "circuits_gpio": {:hex, :circuits_gpio, "0.4.8", "75a62b07131f119c0ffa1dd49f79fbe29c46fd39b20ef0acc036d449fb780b89", [:make, :mix], [{:elixir_make, "~> 0.6", [hex: :elixir_make, repo: "hexpm", optional: false]}], "hexpm", "05e341a5de7e9181a0ee6b3281bd2dc278ae4651825e95c9e83c9eabc421448e"},
  "circuits_i2c": {:hex, :circuits_i2c, "0.3.9", "746a599ac06f8d31572143a8c51e1bc787246c173669940dc23e078907fb13e1", [:make, :mix], [{:elixir_make, "~> 0.6", [hex: :elixir_make, repo: "hexpm", optional: false]}], "hexpm", "c6d75387637a4fbae77cf37af45000fe23763eb8104cc50e7aae532bec46e91d"},
  "complex": {:hex, :complex, "0.5.0", "af2d2331ff6170b61bb738695e481b27a66780e18763e066ee2cd863d0b1dd92", [:mix], [], "hexpm", "2683bd3c184466cfb94fad74cbfddfaa94b860e27ad4ca1bffe3bff169d91ef1"},
  "dll_loader_helper": {:hex, :dll_loader_helper, "0.1.10", "ba85d66f82c1748513dbaee71aa9d0593bb9a65dba246b980753c4d683b0a07b", [:make, :mix], [{:castore, ">= 0.0.0", [hex: :castore, repo: "hexpm", optional: false]}, {:cc_precompiler, "~> 0.1", [hex: :cc_precompiler, repo: "hexpm", optional: false]}], "hexpm", "c0d02a2d8cd0085252f7551a343f89060bb7beb3f303d991e46a7370ed257485"},
  "elixir_make": {:hex, :elixir_make, "0.7.3", "c37fdae1b52d2cc51069713a58c2314877c1ad40800a57efb213f77b078a460d", [:mix], [{:castore, "~> 0.1", [hex: :castore, repo: "hexpm", optional: true]}], "hexpm", "24ada3e3996adbed1fa024ca14995ef2ba3d0d17b678b0f3f2b1f66e6ce2b274"},
  "evision": {:git, "https://github.com/cocoa-xu/evision.git", "c35221b82d57304006ab488411d8c2d5acfc9599", [branch: "main"]},
  "nx": {:hex, :nx, "0.5.0", "c5e62e82606ff372d986e72cce505c98421bb4305ce9cc8e439fe6cc1966c6ad", [:mix], [{:complex, "~> 0.5", [hex: :complex, repo: "hexpm", optional: false]}, {:telemetry, "~> 0.4.0 or ~> 1.0", [hex: :telemetry, repo: "hexpm", optional: false]}], "hexpm", "b29c246318181c3ebfcf0f230a0d33783ac4c92dfa34ca3aa5b9b38ae58c187e"},
  "pigpiox": {:hex, :pigpiox, "0.1.2", "efbd55fb4b4507aaf44193cf6bf5fbdff288a351bdfed3f31bdc9377ee5623fd", [:mix], [], "hexpm", "c6b05fca2282bb9499181fac2c71a8116b74bb5ac9b853ffbcd1585e9900eec2"},
  "secure_random": {:hex, :secure_random, "0.5.1", "c5532b37c89d175c328f5196a0c2a5680b15ebce3e654da37129a9fe40ebf51b", [:mix], [], "hexpm", "1b9754f15e3940a143baafd19da12293f100044df69ea12db5d72878312ae6ab"},
  "servo_kit": {:hex, :servo_kit, "0.1.0", "250e330ee804408e0376aac883a71514d3a106fc48a9a286c411fa561dd399eb", [:mix], [{:circuits_i2c, "~> 0.1", [hex: :circuits_i2c, repo: "hexpm", optional: false]}], "hexpm", "0184f34512012a51d2abfcf765b1166db753945346da1983beb35fb629bde986"},
  "telemetry": {:hex, :telemetry, "1.2.1", "68fdfe8d8f05a8428483a97d7aab2f268aaff24b49e0f599faa091f1d4e7f61c", [:rebar3], [], "hexpm", "dad9ce9d8effc621708f99eac538ef1cbe05d6a874dd741de2e689c47feafed5"},
  "tesseract_ocr": {:hex, :tesseract_ocr, "0.1.5", "158d5f1a3b6507655f52c4cb55c7ddf638f1c1ede0dc464e027cd0e01d7c4b64", [:mix], [{:secure_random, ">= 0.0.0", [hex: :secure_random, repo: "hexpm", optional: false]}], "hexpm", "fdc09d9704ba2e162740f651db5a4dcf1643d6cb70e3e8f8d33352e4b6ac6d99"},
}
